
Microsoft Visual Studio Solution File, Format Version 12.00
# Visual Studio Version 17
VisualStudioVersion = 17.8.34525.116
MinimumVisualStudioVersion = 10.0.40219.1
Project("{FAE04EC0-301F-11D3-BF4B-00C04F79EFBC}") = "Week3IfAndSwitch", "Week3IfAndSwitch\Week3IfAndSwitch.csproj", "{0ABB1370-CBA7-4AA5-9DB9-A46DBE508936}"
EndProject
Project("{FAE04EC0-301F-11D3-BF4B-00C04F79EFBC}") = "OddOrEven1", "OddOrEven1\OddOrEven1.csproj", "{E53E82E8-360A-4B79-8BB8-A31E8B384055}"
EndProject
Project("{FAE04EC0-301F-11D3-BF4B-00C04F79EFBC}") = "ifDayOfTheWeek", "ifDayOfTheWeek\ifDayOfTheWeek.csproj", "{D5C66809-9C43-4BEB-A3BB-6AE64E409011}"
EndProject
Project("{FAE04EC0-301F-11D3-BF4B-00C04F79EFBC}") = "SwitchDayOfTheWeek", "SwitchDayOfTheWeek\SwitchDayOfTheWeek.csproj", "{7B7F0AED-E47A-49F6-B5AB-86E478CE4E59}"
EndProject
Global
	GlobalSection(SolutionConfigurationPlatforms) = preSolution
		Debug|Any CPU = Debug|Any CPU
		Release|Any CPU = Release|Any CPU
	EndGlobalSection
	GlobalSection(ProjectConfigurationPlatforms) = postSolution
		{0ABB1370-CBA7-4AA5-9DB9-A46DBE508936}.Debug|Any CPU.ActiveCfg = Debug|Any CPU
		{0ABB1370-CBA7-4AA5-9DB9-A46DBE508936}.Debug|Any CPU.Build.0 = Debug|Any CPU
		{0ABB1370-CBA7-4AA5-9DB9-A46DBE508936}.Release|Any CPU.ActiveCfg = Release|Any CPU
		{0ABB1370-CBA7-4AA5-9DB9-A46DBE508936}.Release|Any CPU.Build.0 = Release|Any CPU
		{E53E82E8-360A-4B79-8BB8-A31E8B384055}.Debug|Any CPU.ActiveCfg = Debug|Any CPU
		{E53E82E8-360A-4B79-8BB8-A31E8B384055}.Debug|Any CPU.Build.0 = Debug|Any CPU
		{E53E82E8-360A-4B79-8BB8-A31E8B384055}.Release|Any CPU.ActiveCfg = Release|Any CPU
		{E53E82E8-360A-4B79-8BB8-A31E8B384055}.Release|Any CPU.Build.0 = Release|Any CPU
		{D5C66809-9C43-4BEB-A3BB-6AE64E409011}.Debug|Any CPU.ActiveCfg = Debug|Any CPU
		{D5C66809-9C43-4BEB-A3BB-6AE64E409011}.Debug|Any CPU.Build.0 = Debug|Any CPU
		{D5C66809-9C43-4BEB-A3BB-6AE64E409011}.Release|Any CPU.ActiveCfg = Release|Any CPU
		{D5C66809-9C43-4BEB-A3BB-6AE64E409011}.Release|Any CPU.Build.0 = Release|Any CPU
		{7B7F0AED-E47A-49F6-B5AB-86E478CE4E59}.Debug|Any CPU.ActiveCfg = Debug|Any CPU
		{7B7F0AED-E47A-49F6-B5AB-86E478CE4E59}.Debug|Any CPU.Build.0 = Debug|Any CPU
		{7B7F0AED-E47A-49F6-B5AB-86E478CE4E59}.Release|Any CPU.ActiveCfg = Release|Any CPU
		{7B7F0AED-E47A-49F6-B5AB-86E478CE4E59}.Release|Any CPU.Build.0 = Release|Any CPU
	EndGlobalSection
	GlobalSection(SolutionProperties) = preSolution
		HideSolutionNode = FALSE
	EndGlobalSection
	GlobalSection(ExtensibilityGlobals) = postSolution
		SolutionGuid = {4448A126-AF80-4EEB-AACA-0CC69ECA564D}
	EndGlobalSection
EndGlobal
